
Microsoft Visual Studio Solution File, Format Version 12.00
# Visual Studio Version 17
VisualStudioVersion = 17.8.34330.188
MinimumVisualStudioVersion = 10.0.40219.1
Project("{FAE04EC0-301F-11D3-BF4B-00C04F79EFBC}") = "Arm64.MobileApp.XamarinForms.UWP", "Arm64.MobileApp.XamarinForms.UWP\Arm64.MobileApp.XamarinForms.UWP.csproj", "{58F1B84C-C231-4C92-861A-4D27338CF235}"
EndProject
Project("{FAE04EC0-301F-11D3-BF4B-00C04F79EFBC}") = "Arm64.MobileApp.XamarinForms.Android", "Arm64.MobileApp.XamarinForms.Android\Arm64.MobileApp.XamarinForms.Android.csproj", "{51456D82-260E-41E1-9978-294E08BC2C29}"
EndProject
Project("{FAE04EC0-301F-11D3-BF4B-00C04F79EFBC}") = "Arm64.MobileApp.XamarinForms.iOS", "Arm64.MobileApp.XamarinForms.iOS\Arm64.MobileApp.XamarinForms.iOS.csproj", "{BCACBA05-1EB4-4CB6-90F5-2951902555E7}"
EndProject
Project("{FAE04EC0-301F-11D3-BF4B-00C04F79EFBC}") = "Arm64.MobileApp.XamarinForms", "Arm64.MobileApp.XamarinForms\Arm64.MobileApp.XamarinForms.csproj", "{D5937A9B-2589-4A57-B85F-525289A7435E}"
EndProject
Global
	GlobalSection(SolutionConfigurationPlatforms) = preSolution
		Debug|Any CPU = Debug|Any CPU
		Debug|ARM = Debug|ARM
		Debug|ARM64 = Debug|ARM64
		Debug|iPhone = Debug|iPhone
		Debug|iPhoneSimulator = Debug|iPhoneSimulator
		Debug|x64 = Debug|x64
		Debug|x86 = Debug|x86
		Release|Any CPU = Release|Any CPU
		Release|ARM = Release|ARM
		Release|ARM64 = Release|ARM64
		Release|iPhone = Release|iPhone
		Release|iPhoneSimulator = Release|iPhoneSimulator
		Release|x64 = Release|x64
		Release|x86 = Release|x86
	EndGlobalSection
	GlobalSection(ProjectConfigurationPlatforms) = postSolution
		{58F1B84C-C231-4C92-861A-4D27338CF235}.Debug|Any CPU.ActiveCfg = Debug|x64
		{58F1B84C-C231-4C92-861A-4D27338CF235}.Debug|Any CPU.Build.0 = Debug|x64
		{58F1B84C-C231-4C92-861A-4D27338CF235}.Debug|Any CPU.Deploy.0 = Debug|x64
		{58F1B84C-C231-4C92-861A-4D27338CF235}.Debug|ARM.ActiveCfg = Debug|ARM
		{58F1B84C-C231-4C92-861A-4D27338CF235}.Debug|ARM.Build.0 = Debug|ARM
		{58F1B84C-C231-4C92-861A-4D27338CF235}.Debug|ARM.Deploy.0 = Debug|ARM
		{58F1B84C-C231-4C92-861A-4D27338CF235}.Debug|ARM64.ActiveCfg = Debug|ARM64
		{58F1B84C-C231-4C92-861A-4D27338CF235}.Debug|ARM64.Build.0 = Debug|ARM64
		{58F1B84C-C231-4C92-861A-4D27338CF235}.Debug|ARM64.Deploy.0 = Debug|ARM64
		{58F1B84C-C231-4C92-861A-4D27338CF235}.Debug|iPhone.ActiveCfg = Debug|x64
		{58F1B84C-C231-4C92-861A-4D27338CF235}.Debug|iPhone.Build.0 = Debug|x64
		{58F1B84C-C231-4C92-861A-4D27338CF235}.Debug|iPhone.Deploy.0 = Debug|x64
		{58F1B84C-C231-4C92-861A-4D27338CF235}.Debug|iPhoneSimulator.ActiveCfg = Debug|x64
		{58F1B84C-C231-4C92-861A-4D27338CF235}.Debug|iPhoneSimulator.Build.0 = Debug|x64
		{58F1B84C-C231-4C92-861A-4D27338CF235}.Debug|iPhoneSimulator.Deploy.0 = Debug|x64
		{58F1B84C-C231-4C92-861A-4D27338CF235}.Debug|x64.ActiveCfg = Debug|x64
		{58F1B84C-C231-4C92-861A-4D27338CF235}.Debug|x64.Build.0 = Debug|x64
		{58F1B84C-C231-4C92-861A-4D27338CF235}.Debug|x64.Deploy.0 = Debug|x64
		{58F1B84C-C231-4C92-861A-4D27338CF235}.Debug|x86.ActiveCfg = Debug|x86
		{58F1B84C-C231-4C92-861A-4D27338CF235}.Debug|x86.Build.0 = Debug|x86
		{58F1B84C-C231-4C92-861A-4D27338CF235}.Debug|x86.Deploy.0 = Debug|x86
		{58F1B84C-C231-4C92-861A-4D27338CF235}.Release|Any CPU.ActiveCfg = Release|x64
		{58F1B84C-C231-4C92-861A-4D27338CF235}.Release|Any CPU.Build.0 = Release|x64
		{58F1B84C-C231-4C92-861A-4D27338CF235}.Release|Any CPU.Deploy.0 = Release|x64
		{58F1B84C-C231-4C92-861A-4D27338CF235}.Release|ARM.ActiveCfg = Release|ARM
		{58F1B84C-C231-4C92-861A-4D27338CF235}.Release|ARM.Build.0 = Release|ARM
		{58F1B84C-C231-4C92-861A-4D27338CF235}.Release|ARM.Deploy.0 = Release|ARM
		{58F1B84C-C231-4C92-861A-4D27338CF235}.Release|ARM64.ActiveCfg = Release|ARM64
		{58F1B84C-C231-4C92-861A-4D27338CF235}.Release|ARM64.Build.0 = Release|ARM64
		{58F1B84C-C231-4C92-861A-4D27338CF235}.Release|ARM64.Deploy.0 = Release|ARM64
		{58F1B84C-C231-4C92-861A-4D27338CF235}.Release|iPhone.ActiveCfg = Release|x64
		{58F1B84C-C231-4C92-861A-4D27338CF235}.Release|iPhone.Build.0 = Release|x64
		{58F1B84C-C231-4C92-861A-4D27338CF235}.Release|iPhone.Deploy.0 = Release|x64
		{58F1B84C-C231-4C92-861A-4D27338CF235}.Release|iPhoneSimulator.ActiveCfg = Release|x64
		{58F1B84C-C231-4C92-861A-4D27338CF235}.Release|iPhoneSimulator.Build.0 = Release|x64
		{58F1B84C-C231-4C92-861A-4D27338CF235}.Release|iPhoneSimulator.Deploy.0 = Release|x64
		{58F1B84C-C231-4C92-861A-4D27338CF235}.Release|x64.ActiveCfg = Release|x64
		{58F1B84C-C231-4C92-861A-4D27338CF235}.Release|x64.Build.0 = Release|x64
		{58F1B84C-C231-4C92-861A-4D27338CF235}.Release|x64.Deploy.0 = Release|x64
		{58F1B84C-C231-4C92-861A-4D27338CF235}.Release|x86.ActiveCfg = Release|x86
		{58F1B84C-C231-4C92-861A-4D27338CF235}.Release|x86.Build.0 = Release|x86
		{58F1B84C-C231-4C92-861A-4D27338CF235}.Release|x86.Deploy.0 = Release|x86
		{51456D82-260E-41E1-9978-294E08BC2C29}.Debug|Any CPU.ActiveCfg = Debug|Any CPU
		{51456D82-260E-41E1-9978-294E08BC2C29}.Debug|Any CPU.Build.0 = Debug|Any CPU
		{51456D82-260E-41E1-9978-294E08BC2C29}.Debug|Any CPU.Deploy.0 = Debug|Any CPU
		{51456D82-260E-41E1-9978-294E08BC2C29}.Debug|ARM.ActiveCfg = Debug|Any CPU
		{51456D82-260E-41E1-9978-294E08BC2C29}.Debug|ARM.Build.0 = Debug|Any CPU
		{51456D82-260E-41E1-9978-294E08BC2C29}.Debug|ARM.Deploy.0 = Debug|Any CPU
		{51456D82-260E-41E1-9978-294E08BC2C29}.Debug|ARM64.ActiveCfg = Debug|Any CPU
		{51456D82-260E-41E1-9978-294E08BC2C29}.Debug|ARM64.Build.0 = Debug|Any CPU
		{51456D82-260E-41E1-9978-294E08BC2C29}.Debug|ARM64.Deploy.0 = Debug|Any CPU
		{51456D82-260E-41E1-9978-294E08BC2C29}.Debug|iPhone.ActiveCfg = Debug|Any CPU
		{51456D82-260E-41E1-9978-294E08BC2C29}.Debug|iPhone.Build.0 = Debug|Any CPU
		{51456D82-260E-41E1-9978-294E08BC2C29}.Debug|iPhone.Deploy.0 = Debug|Any CPU
		{51456D82-260E-41E1-9978-294E08BC2C29}.Debug|iPhoneSimulator.ActiveCfg = Debug|Any CPU
		{51456D82-260E-41E1-9978-294E08BC2C29}.Debug|iPhoneSimulator.Build.0 = Debug|Any CPU
		{51456D82-260E-41E1-9978-294E08BC2C29}.Debug|iPhoneSimulator.Deploy.0 = Debug|Any CPU
		{51456D82-260E-41E1-9978-294E08BC2C29}.Debug|x64.ActiveCfg = Debug|Any CPU
		{51456D82-260E-41E1-9978-294E08BC2C29}.Debug|x64.Build.0 = Debug|Any CPU
		{51456D82-260E-41E1-9978-294E08BC2C29}.Debug|x64.Deploy.0 = Debug|Any CPU
		{51456D82-260E-41E1-9978-294E08BC2C29}.Debug|x86.ActiveCfg = Debug|Any CPU
		{51456D82-260E-41E1-9978-294E08BC2C29}.Debug|x86.Build.0 = Debug|Any CPU
		{51456D82-260E-41E1-9978-294E08BC2C29}.Debug|x86.Deploy.0 = Debug|Any CPU
		{51456D82-260E-41E1-9978-294E08BC2C29}.Release|Any CPU.ActiveCfg = Release|Any CPU
		{51456D82-260E-41E1-9978-294E08BC2C29}.Release|Any CPU.Build.0 = Release|Any CPU
		{51456D82-260E-41E1-9978-294E08BC2C29}.Release|Any CPU.Deploy.0 = Release|Any CPU
		{51456D82-260E-41E1-9978-294E08BC2C29}.Release|ARM.ActiveCfg = Release|Any CPU
		{51456D82-260E-41E1-9978-294E08BC2C29}.Release|ARM.Build.0 = Release|Any CPU
		{51456D82-260E-41E1-9978-294E08BC2C29}.Release|ARM.Deploy.0 = Release|Any CPU
		{51456D82-260E-41E1-9978-294E08BC2C29}.Release|ARM64.ActiveCfg = Release|Any CPU
		{51456D82-260E-41E1-9978-294E08BC2C29}.Release|ARM64.Build.0 = Release|Any CPU
		{51456D82-260E-41E1-9978-294E08BC2C29}.Release|ARM64.Deploy.0 = Release|Any CPU
		{51456D82-260E-41E1-9978-294E08BC2C29}.Release|iPhone.ActiveCfg = Release|Any CPU
		{51456D82-260E-41E1-9978-294E08BC2C29}.Release|iPhone.Build.0 = Release|Any CPU
		{51456D82-260E-41E1-9978-294E08BC2C29}.Release|iPhone.Deploy.0 = Release|Any CPU
		{51456D82-260E-41E1-9978-294E08BC2C29}.Release|iPhoneSimulator.ActiveCfg = Release|Any CPU
		{51456D82-260E-41E1-9978-294E08BC2C29}.Release|iPhoneSimulator.Build.0 = Release|Any CPU
		{51456D82-260E-41E1-9978-294E08BC2C29}.Release|iPhoneSimulator.Deploy.0 = Release|Any CPU
		{51456D82-260E-41E1-9978-294E08BC2C29}.Release|x64.ActiveCfg = Release|Any CPU
		{51456D82-260E-41E1-9978-294E08BC2C29}.Release|x64.Build.0 = Release|Any CPU
		{51456D82-260E-41E1-9978-294E08BC2C29}.Release|x64.Deploy.0 = Release|Any CPU
		{51456D82-260E-41E1-9978-294E08BC2C29}.Release|x86.ActiveCfg = Release|Any CPU
		{51456D82-260E-41E1-9978-294E08BC2C29}.Release|x86.Build.0 = Release|Any CPU
		{51456D82-260E-41E1-9978-294E08BC2C29}.Release|x86.Deploy.0 = Release|Any CPU
		{BCACBA05-1EB4-4CB6-90F5-2951902555E7}.Debug|Any CPU.ActiveCfg = Debug|iPhoneSimulator
		{BCACBA05-1EB4-4CB6-90F5-2951902555E7}.Debug|Any CPU.Build.0 = Debug|iPhoneSimulator
		{BCACBA05-1EB4-4CB6-90F5-2951902555E7}.Debug|Any CPU.Deploy.0 = Debug|iPhoneSimulator
		{BCACBA05-1EB4-4CB6-90F5-2951902555E7}.Debug|ARM.ActiveCfg = Debug|iPhoneSimulator
		{BCACBA05-1EB4-4CB6-90F5-2951902555E7}.Debug|ARM.Build.0 = Debug|iPhoneSimulator
		{BCACBA05-1EB4-4CB6-90F5-2951902555E7}.Debug|ARM.Deploy.0 = Debug|iPhoneSimulator
		{BCACBA05-1EB4-4CB6-90F5-2951902555E7}.Debug|ARM64.ActiveCfg = Debug|iPhoneSimulator
		{BCACBA05-1EB4-4CB6-90F5-2951902555E7}.Debug|ARM64.Build.0 = Debug|iPhoneSimulator
		{BCACBA05-1EB4-4CB6-90F5-2951902555E7}.Debug|iPhone.ActiveCfg = Debug|iPhone
		{BCACBA05-1EB4-4CB6-90F5-2951902555E7}.Debug|iPhone.Build.0 = Debug|iPhone
		{BCACBA05-1EB4-4CB6-90F5-2951902555E7}.Debug|iPhone.Deploy.0 = Debug|iPhone
		{BCACBA05-1EB4-4CB6-90F5-2951902555E7}.Debug|iPhoneSimulator.ActiveCfg = Debug|iPhoneSimulator
		{BCACBA05-1EB4-4CB6-90F5-2951902555E7}.Debug|iPhoneSimulator.Build.0 = Debug|iPhoneSimulator
		{BCACBA05-1EB4-4CB6-90F5-2951902555E7}.Debug|iPhoneSimulator.Deploy.0 = Debug|iPhoneSimulator
		{BCACBA05-1EB4-4CB6-90F5-2951902555E7}.Debug|x64.ActiveCfg = Debug|iPhone
		{BCACBA05-1EB4-4CB6-90F5-2951902555E7}.Debug|x64.Build.0 = Debug|iPhone
		{BCACBA05-1EB4-4CB6-90F5-2951902555E7}.Debug|x64.Deploy.0 = Debug|iPhone
		{BCACBA05-1EB4-4CB6-90F5-2951902555E7}.Debug|x86.ActiveCfg = Debug|iPhoneSimulator
		{BCACBA05-1EB4-4CB6-90F5-2951902555E7}.Debug|x86.Build.0 = Debug|iPhoneSimulator
		{BCACBA05-1EB4-4CB6-90F5-2951902555E7}.Debug|x86.Deploy.0 = Debug|iPhoneSimulator
		{BCACBA05-1EB4-4CB6-90F5-2951902555E7}.Release|Any CPU.ActiveCfg = Release|iPhoneSimulator
		{BCACBA05-1EB4-4CB6-90F5-2951902555E7}.Release|Any CPU.Build.0 = Release|iPhoneSimulator
		{BCACBA05-1EB4-4CB6-90F5-2951902555E7}.Release|Any CPU.Deploy.0 = Release|iPhoneSimulator
		{BCACBA05-1EB4-4CB6-90F5-2951902555E7}.Release|ARM.ActiveCfg = Release|iPhoneSimulator
		{BCACBA05-1EB4-4CB6-90F5-2951902555E7}.Release|ARM.Build.0 = Release|iPhoneSimulator
		{BCACBA05-1EB4-4CB6-90F5-2951902555E7}.Release|ARM.Deploy.0 = Release|iPhoneSimulator
		{BCACBA05-1EB4-4CB6-90F5-2951902555E7}.Release|ARM64.ActiveCfg = Release|iPhoneSimulator
		{BCACBA05-1EB4-4CB6-90F5-2951902555E7}.Release|ARM64.Build.0 = Release|iPhoneSimulator
		{BCACBA05-1EB4-4CB6-90F5-2951902555E7}.Release|iPhone.ActiveCfg = Release|iPhone
		{BCACBA05-1EB4-4CB6-90F5-2951902555E7}.Release|iPhone.Build.0 = Release|iPhone
		{BCACBA05-1EB4-4CB6-90F5-2951902555E7}.Release|iPhone.Deploy.0 = Release|iPhone
		{BCACBA05-1EB4-4CB6-90F5-2951902555E7}.Release|iPhoneSimulator.ActiveCfg = Release|iPhoneSimulator
		{BCACBA05-1EB4-4CB6-90F5-2951902555E7}.Release|iPhoneSimulator.Build.0 = Release|iPhoneSimulator
		{BCACBA05-1EB4-4CB6-90F5-2951902555E7}.Release|iPhoneSimulator.Deploy.0 = Release|iPhoneSimulator
		{BCACBA05-1EB4-4CB6-90F5-2951902555E7}.Release|x64.ActiveCfg = Release|iPhoneSimulator
		{BCACBA05-1EB4-4CB6-90F5-2951902555E7}.Release|x64.Build.0 = Release|iPhoneSimulator
		{BCACBA05-1EB4-4CB6-90F5-2951902555E7}.Release|x64.Deploy.0 = Release|iPhoneSimulator
		{BCACBA05-1EB4-4CB6-90F5-2951902555E7}.Release|x86.ActiveCfg = Release|iPhoneSimulator
		{BCACBA05-1EB4-4CB6-90F5-2951902555E7}.Release|x86.Build.0 = Release|iPhoneSimulator
		{BCACBA05-1EB4-4CB6-90F5-2951902555E7}.Release|x86.Deploy.0 = Release|iPhoneSimulator
		{D5937A9B-2589-4A57-B85F-525289A7435E}.Debug|Any CPU.ActiveCfg = Debug|Any CPU
		{D5937A9B-2589-4A57-B85F-525289A7435E}.Debug|Any CPU.Build.0 = Debug|Any CPU
		{D5937A9B-2589-4A57-B85F-525289A7435E}.Debug|Any CPU.Deploy.0 = Debug|Any CPU
		{D5937A9B-2589-4A57-B85F-525289A7435E}.Debug|ARM.ActiveCfg = Debug|Any CPU
		{D5937A9B-2589-4A57-B85F-525289A7435E}.Debug|ARM.Build.0 = Debug|Any CPU
		{D5937A9B-2589-4A57-B85F-525289A7435E}.Debug|ARM.Deploy.0 = Debug|Any CPU
		{D5937A9B-2589-4A57-B85F-525289A7435E}.Debug|ARM64.ActiveCfg = Debug|Any CPU
		{D5937A9B-2589-4A57-B85F-525289A7435E}.Debug|ARM64.Build.0 = Debug|Any CPU
		{D5937A9B-2589-4A57-B85F-525289A7435E}.Debug|iPhone.ActiveCfg = Debug|Any CPU
		{D5937A9B-2589-4A57-B85F-525289A7435E}.Debug|iPhone.Build.0 = Debug|Any CPU
		{D5937A9B-2589-4A57-B85F-525289A7435E}.Debug|iPhone.Deploy.0 = Debug|Any CPU
		{D5937A9B-2589-4A57-B85F-525289A7435E}.Debug|iPhoneSimulator.ActiveCfg = Debug|Any CPU
		{D5937A9B-2589-4A57-B85F-525289A7435E}.Debug|iPhoneSimulator.Build.0 = Debug|Any CPU
		{D5937A9B-2589-4A57-B85F-525289A7435E}.Debug|iPhoneSimulator.Deploy.0 = Debug|Any CPU
		{D5937A9B-2589-4A57-B85F-525289A7435E}.Debug|x64.ActiveCfg = Debug|Any CPU
		{D5937A9B-2589-4A57-B85F-525289A7435E}.Debug|x64.Build.0 = Debug|Any CPU
		{D5937A9B-2589-4A57-B85F-525289A7435E}.Debug|x64.Deploy.0 = Debug|Any CPU
		{D5937A9B-2589-4A57-B85F-525289A7435E}.Debug|x86.ActiveCfg = Debug|Any CPU
		{D5937A9B-2589-4A57-B85F-525289A7435E}.Debug|x86.Build.0 = Debug|Any CPU
		{D5937A9B-2589-4A57-B85F-525289A7435E}.Debug|x86.Deploy.0 = Debug|Any CPU
		{D5937A9B-2589-4A57-B85F-525289A7435E}.Release|Any CPU.ActiveCfg = Release|Any CPU
		{D5937A9B-2589-4A57-B85F-525289A7435E}.Release|Any CPU.Build.0 = Release|Any CPU
		{D5937A9B-2589-4A57-B85F-525289A7435E}.Release|Any CPU.Deploy.0 = Release|Any CPU
		{D5937A9B-2589-4A57-B85F-525289A7435E}.Release|ARM.ActiveCfg = Release|Any CPU
		{D5937A9B-2589-4A57-B85F-525289A7435E}.Release|ARM.Build.0 = Release|Any CPU
		{D5937A9B-2589-4A57-B85F-525289A7435E}.Release|ARM.Deploy.0 = Release|Any CPU
		{D5937A9B-2589-4A57-B85F-525289A7435E}.Release|ARM64.ActiveCfg = Release|Any CPU
		{D5937A9B-2589-4A57-B85F-525289A7435E}.Release|ARM64.Build.0 = Release|Any CPU
		{D5937A9B-2589-4A57-B85F-525289A7435E}.Release|iPhone.ActiveCfg = Release|Any CPU
		{D5937A9B-2589-4A57-B85F-525289A7435E}.Release|iPhone.Build.0 = Release|Any CPU
		{D5937A9B-2589-4A57-B85F-525289A7435E}.Release|iPhone.Deploy.0 = Release|Any CPU
		{D5937A9B-2589-4A57-B85F-525289A7435E}.Release|iPhoneSimulator.ActiveCfg = Release|Any CPU
		{D5937A9B-2589-4A57-B85F-525289A7435E}.Release|iPhoneSimulator.Build.0 = Release|Any CPU
		{D5937A9B-2589-4A57-B85F-525289A7435E}.Release|iPhoneSimulator.Deploy.0 = Release|Any CPU
		{D5937A9B-2589-4A57-B85F-525289A7435E}.Release|x64.ActiveCfg = Release|Any CPU
		{D5937A9B-2589-4A57-B85F-525289A7435E}.Release|x64.Build.0 = Release|Any CPU
		{D5937A9B-2589-4A57-B85F-525289A7435E}.Release|x64.Deploy.0 = Release|Any CPU
		{D5937A9B-2589-4A57-B85F-525289A7435E}.Release|x86.ActiveCfg = Release|Any CPU
		{D5937A9B-2589-4A57-B85F-525289A7435E}.Release|x86.Build.0 = Release|Any CPU
		{D5937A9B-2589-4A57-B85F-525289A7435E}.Release|x86.Deploy.0 = Release|Any CPU
	EndGlobalSection
	GlobalSection(SolutionProperties) = preSolution
		HideSolutionNode = FALSE
	EndGlobalSection
	GlobalSection(ExtensibilityGlobals) = postSolution
		SolutionGuid = {450D56EB-9428-4BCB-A06E-9A5A5E764041}
	EndGlobalSection
EndGlobal
